
Microsoft Visual Studio Solution File, Format Version 12.00
# Visual Studio Version 17
VisualStudioVersion = 17.4.33403.182
MinimumVisualStudioVersion = 10.0.40219.1
Project("{2150E333-8FDC-42A3-9474-1A3956D46DE8}") = "IO", "IO", "{59BAD7A8-F0B4-4451-AF88-60448D2C9860}"
EndProject
Project("{2150E333-8FDC-42A3-9474-1A3956D46DE8}") = "Sources", "Sources", "{D27DCCA3-CC45-4B97-A738-A06CA4A74A89}"
EndProject
Project("{2150E333-8FDC-42A3-9474-1A3956D46DE8}") = "Tests", "Tests", "{204C7FF8-DFDF-4365-9EDC-E69FDFCD69A2}"
EndProject
Project("{2150E333-8FDC-42A3-9474-1A3956D46DE8}") = "Caching", "Caching", "{2EA3DD6E-707E-465A-AA36-D12FC04D6959}"
EndProject
Project("{2150E333-8FDC-42A3-9474-1A3956D46DE8}") = "File", "File", "{8E3187B2-6555-4A9B-AB29-AE1C725B468A}"
EndProject
Project("{2150E333-8FDC-42A3-9474-1A3956D46DE8}") = "Database", "Database", "{23DEB625-4F8A-4D3E-B55B-92A517F81118}"
EndProject
Project("{2150E333-8FDC-42A3-9474-1A3956D46DE8}") = "Engine", "Engine", "{3D2C63DC-7C5C-4824-97AA-41046E47413D}"
EndProject
Project("{2150E333-8FDC-42A3-9474-1A3956D46DE8}") = "Model", "Model", "{1B30C110-2B25-4782-BEED-05354B0180AF}"
EndProject
Project("{9A19103F-16F7-4668-BE54-9A1E7A4F7556}") = "Prequel.Tests", "src\Tests\Prequel.Tests\Prequel.Tests.csproj", "{BE75C56F-F7A4-4101-953F-0FD31DA03852}"
EndProject
Project("{9A19103F-16F7-4668-BE54-9A1E7A4F7556}") = "Prequel.Engine.Core", "src\Engine\Prequel.Engine.Core\Prequel.Engine.Core.csproj", "{6C4622D5-09F2-4C80-B4D7-E39812812CCC}"
EndProject
Project("{9A19103F-16F7-4668-BE54-9A1E7A4F7556}") = "Prequel.Engine.Source.Database", "src\Engine\Sources\Database\Prequel.Engine.Source.Database\Prequel.Engine.Source.Database.csproj", "{3D0B7509-4CFE-40A5-A494-216DF101FAAC}"
EndProject
Project("{9A19103F-16F7-4668-BE54-9A1E7A4F7556}") = "Prequel.Engine.Source.MsSql", "src\Engine\Sources\Database\Prequel.Engine.Source.MsSql\Prequel.Engine.Source.MsSql.csproj", "{659B3EB3-83BB-4CCB-BBD3-D4D4C654B1EA}"
EndProject
Project("{9A19103F-16F7-4668-BE54-9A1E7A4F7556}") = "Prequel.Engine.Source.Execution", "src\Engine\Sources\Prequel.Engine.Source.Execution\Prequel.Engine.Source.Execution.csproj", "{F97D664E-68B3-4727-BB8D-F3AEB728F70A}"
EndProject
Project("{9A19103F-16F7-4668-BE54-9A1E7A4F7556}") = "Prequel.Engine.Source.Memory", "src\Engine\Sources\Prequel.Engine.Source.Memory\Prequel.Engine.Source.Memory.csproj", "{66C2C8E9-63D1-4812-9F33-4A02F48DE7AC}"
EndProject
Project("{9A19103F-16F7-4668-BE54-9A1E7A4F7556}") = "Prequel.Engine.Source.Avro", "src\Engine\Sources\File\Prequel.Engine.Source.Avro\Prequel.Engine.Source.Avro.csproj", "{F813DE94-96A8-4520-9C98-53DB1164DB45}"
EndProject
Project("{9A19103F-16F7-4668-BE54-9A1E7A4F7556}") = "Prequel.Engine.Source.Csv", "src\Engine\Sources\File\Prequel.Engine.Source.Csv\Prequel.Engine.Source.Csv.csproj", "{EC2B4C1B-C397-4E8D-AE57-E85FAD8FD167}"
EndProject
Project("{9A19103F-16F7-4668-BE54-9A1E7A4F7556}") = "Prequel.Engine.Source.File", "src\Engine\Sources\File\Prequel.Engine.Source.File\Prequel.Engine.Source.File.csproj", "{82CB9387-E848-4575-9519-A9DB37BD37EB}"
EndProject
Project("{9A19103F-16F7-4668-BE54-9A1E7A4F7556}") = "Prequel.Engine.Source.Json", "src\Engine\Sources\File\Prequel.Engine.Source.Json\Prequel.Engine.Source.Json.csproj", "{37DB8CFC-8348-4A35-BBCD-E88244FB5158}"
EndProject
Project("{9A19103F-16F7-4668-BE54-9A1E7A4F7556}") = "Prequel.Engine.Source.Parquet", "src\Engine\Sources\File\Prequel.Engine.Source.Parquet\Prequel.Engine.Source.Parquet.csproj", "{8FDEBF79-E165-4419-A641-7B798E9CC6F7}"
EndProject
Project("{9A19103F-16F7-4668-BE54-9A1E7A4F7556}") = "Prequel.Engine.Caching", "src\Engine\Caching\Prequel.Engine.Caching\Prequel.Engine.Caching.csproj", "{1AC646E1-8155-4FCE-AA74-D4B5DD1034B1}"
EndProject
Project("{9A19103F-16F7-4668-BE54-9A1E7A4F7556}") = "Prequel.Engine.Caching.Azure", "src\Engine\Caching\Prequel.Engine.Caching.Azure\Prequel.Engine.Caching.Azure.csproj", "{C2A81181-5D04-480A-BDFB-2694B44A5522}"
EndProject
Project("{9A19103F-16F7-4668-BE54-9A1E7A4F7556}") = "Prequel.Engine.IO", "src\Engine\IO\Prequel.Engine.IO\Prequel.Engine.IO.csproj", "{68A8171F-0D6A-46A6-BF1C-FB5E6FCD66DB}"
EndProject
Project("{9A19103F-16F7-4668-BE54-9A1E7A4F7556}") = "Prequel.Engine.IO.Aws", "src\Engine\IO\Prequel.Engine.IO.Aws\Prequel.Engine.IO.Aws.csproj", "{ED19BF61-87D8-4718-98FD-269109DDDF10}"
EndProject
Project("{9A19103F-16F7-4668-BE54-9A1E7A4F7556}") = "Prequel.Engine.IO.Azure", "src\Engine\IO\Prequel.Engine.IO.Azure\Prequel.Engine.IO.Azure.csproj", "{E8E33A5B-613F-428B-9DE8-850FCD97FFBF}"
EndProject
Project("{9A19103F-16F7-4668-BE54-9A1E7A4F7556}") = "Prequel.Model.Execution", "src\Model\Prequel.Model.Execution\Prequel.Model.Execution.csproj", "{BF9A9A96-A710-4995-996D-215A005A694F}"
EndProject
Project("{9A19103F-16F7-4668-BE54-9A1E7A4F7556}") = "Prequel.Console", "src\Tests\Prequel.Console\Prequel.Console.csproj", "{81C4DF00-81F9-4695-BD66-E49400444D13}"
EndProject
Project("{FAE04EC0-301F-11D3-BF4B-00C04F79EFBC}") = "Prequel.Engine.Caching.File", "src\Engine\Caching\Prequel.Engine.Caching.File\Prequel.Engine.Caching.File.csproj", "{0CC83084-2048-488A-B2A7-BC6692031578}"
EndProject
Global
	GlobalSection(SolutionConfigurationPlatforms) = preSolution
		Debug|Any CPU = Debug|Any CPU
		Debug|arm64 = Debug|arm64
		Debug|x64 = Debug|x64
		Debug|x86 = Debug|x86
		Release|Any CPU = Release|Any CPU
		Release|arm64 = Release|arm64
		Release|x64 = Release|x64
		Release|x86 = Release|x86
	EndGlobalSection
	GlobalSection(ProjectConfigurationPlatforms) = postSolution
		{BE75C56F-F7A4-4101-953F-0FD31DA03852}.Debug|Any CPU.ActiveCfg = Debug|Any CPU
		{BE75C56F-F7A4-4101-953F-0FD31DA03852}.Debug|Any CPU.Build.0 = Debug|Any CPU
		{BE75C56F-F7A4-4101-953F-0FD31DA03852}.Debug|arm64.ActiveCfg = Debug|Any CPU
		{BE75C56F-F7A4-4101-953F-0FD31DA03852}.Debug|arm64.Build.0 = Debug|Any CPU
		{BE75C56F-F7A4-4101-953F-0FD31DA03852}.Debug|x64.ActiveCfg = Debug|Any CPU
		{BE75C56F-F7A4-4101-953F-0FD31DA03852}.Debug|x64.Build.0 = Debug|Any CPU
		{BE75C56F-F7A4-4101-953F-0FD31DA03852}.Debug|x86.ActiveCfg = Debug|Any CPU
		{BE75C56F-F7A4-4101-953F-0FD31DA03852}.Debug|x86.Build.0 = Debug|Any CPU
		{BE75C56F-F7A4-4101-953F-0FD31DA03852}.Release|Any CPU.ActiveCfg = Release|Any CPU
		{BE75C56F-F7A4-4101-953F-0FD31DA03852}.Release|Any CPU.Build.0 = Release|Any CPU
		{BE75C56F-F7A4-4101-953F-0FD31DA03852}.Release|arm64.ActiveCfg = Release|Any CPU
		{BE75C56F-F7A4-4101-953F-0FD31DA03852}.Release|arm64.Build.0 = Release|Any CPU
		{BE75C56F-F7A4-4101-953F-0FD31DA03852}.Release|x64.ActiveCfg = Release|Any CPU
		{BE75C56F-F7A4-4101-953F-0FD31DA03852}.Release|x64.Build.0 = Release|Any CPU
		{BE75C56F-F7A4-4101-953F-0FD31DA03852}.Release|x86.ActiveCfg = Release|Any CPU
		{BE75C56F-F7A4-4101-953F-0FD31DA03852}.Release|x86.Build.0 = Release|Any CPU
		{6C4622D5-09F2-4C80-B4D7-E39812812CCC}.Debug|Any CPU.ActiveCfg = Debug|Any CPU
		{6C4622D5-09F2-4C80-B4D7-E39812812CCC}.Debug|Any CPU.Build.0 = Debug|Any CPU
		{6C4622D5-09F2-4C80-B4D7-E39812812CCC}.Debug|arm64.ActiveCfg = Debug|Any CPU
		{6C4622D5-09F2-4C80-B4D7-E39812812CCC}.Debug|arm64.Build.0 = Debug|Any CPU
		{6C4622D5-09F2-4C80-B4D7-E39812812CCC}.Debug|x64.ActiveCfg = Debug|Any CPU
		{6C4622D5-09F2-4C80-B4D7-E39812812CCC}.Debug|x64.Build.0 = Debug|Any CPU
		{6C4622D5-09F2-4C80-B4D7-E39812812CCC}.Debug|x86.ActiveCfg = Debug|Any CPU
		{6C4622D5-09F2-4C80-B4D7-E39812812CCC}.Debug|x86.Build.0 = Debug|Any CPU
		{6C4622D5-09F2-4C80-B4D7-E39812812CCC}.Release|Any CPU.ActiveCfg = Release|Any CPU
		{6C4622D5-09F2-4C80-B4D7-E39812812CCC}.Release|Any CPU.Build.0 = Release|Any CPU
		{6C4622D5-09F2-4C80-B4D7-E39812812CCC}.Release|arm64.ActiveCfg = Release|Any CPU
		{6C4622D5-09F2-4C80-B4D7-E39812812CCC}.Release|arm64.Build.0 = Release|Any CPU
		{6C4622D5-09F2-4C80-B4D7-E39812812CCC}.Release|x64.ActiveCfg = Release|Any CPU
		{6C4622D5-09F2-4C80-B4D7-E39812812CCC}.Release|x64.Build.0 = Release|Any CPU
		{6C4622D5-09F2-4C80-B4D7-E39812812CCC}.Release|x86.ActiveCfg = Release|Any CPU
		{6C4622D5-09F2-4C80-B4D7-E39812812CCC}.Release|x86.Build.0 = Release|Any CPU
		{3D0B7509-4CFE-40A5-A494-216DF101FAAC}.Debug|Any CPU.ActiveCfg = Debug|Any CPU
		{3D0B7509-4CFE-40A5-A494-216DF101FAAC}.Debug|Any CPU.Build.0 = Debug|Any CPU
		{3D0B7509-4CFE-40A5-A494-216DF101FAAC}.Debug|arm64.ActiveCfg = Debug|Any CPU
		{3D0B7509-4CFE-40A5-A494-216DF101FAAC}.Debug|arm64.Build.0 = Debug|Any CPU
		{3D0B7509-4CFE-40A5-A494-216DF101FAAC}.Debug|x64.ActiveCfg = Debug|Any CPU
		{3D0B7509-4CFE-40A5-A494-216DF101FAAC}.Debug|x64.Build.0 = Debug|Any CPU
		{3D0B7509-4CFE-40A5-A494-216DF101FAAC}.Debug|x86.ActiveCfg = Debug|Any CPU
		{3D0B7509-4CFE-40A5-A494-216DF101FAAC}.Debug|x86.Build.0 = Debug|Any CPU
		{3D0B7509-4CFE-40A5-A494-216DF101FAAC}.Release|Any CPU.ActiveCfg = Release|Any CPU
		{3D0B7509-4CFE-40A5-A494-216DF101FAAC}.Release|Any CPU.Build.0 = Release|Any CPU
		{3D0B7509-4CFE-40A5-A494-216DF101FAAC}.Release|arm64.ActiveCfg = Release|Any CPU
		{3D0B7509-4CFE-40A5-A494-216DF101FAAC}.Release|arm64.Build.0 = Release|Any CPU
		{3D0B7509-4CFE-40A5-A494-216DF101FAAC}.Release|x64.ActiveCfg = Release|Any CPU
		{3D0B7509-4CFE-40A5-A494-216DF101FAAC}.Release|x64.Build.0 = Release|Any CPU
		{3D0B7509-4CFE-40A5-A494-216DF101FAAC}.Release|x86.ActiveCfg = Release|Any CPU
		{3D0B7509-4CFE-40A5-A494-216DF101FAAC}.Release|x86.Build.0 = Release|Any CPU
		{659B3EB3-83BB-4CCB-BBD3-D4D4C654B1EA}.Debug|Any CPU.ActiveCfg = Debug|Any CPU
		{659B3EB3-83BB-4CCB-BBD3-D4D4C654B1EA}.Debug|Any CPU.Build.0 = Debug|Any CPU
		{659B3EB3-83BB-4CCB-BBD3-D4D4C654B1EA}.Debug|arm64.ActiveCfg = Debug|Any CPU
		{659B3EB3-83BB-4CCB-BBD3-D4D4C654B1EA}.Debug|arm64.Build.0 = Debug|Any CPU
		{659B3EB3-83BB-4CCB-BBD3-D4D4C654B1EA}.Debug|x64.ActiveCfg = Debug|Any CPU
		{659B3EB3-83BB-4CCB-BBD3-D4D4C654B1EA}.Debug|x64.Build.0 = Debug|Any CPU
		{659B3EB3-83BB-4CCB-BBD3-D4D4C654B1EA}.Debug|x86.ActiveCfg = Debug|Any CPU
		{659B3EB3-83BB-4CCB-BBD3-D4D4C654B1EA}.Debug|x86.Build.0 = Debug|Any CPU
		{659B3EB3-83BB-4CCB-BBD3-D4D4C654B1EA}.Release|Any CPU.ActiveCfg = Release|Any CPU
		{659B3EB3-83BB-4CCB-BBD3-D4D4C654B1EA}.Release|Any CPU.Build.0 = Release|Any CPU
		{659B3EB3-83BB-4CCB-BBD3-D4D4C654B1EA}.Release|arm64.ActiveCfg = Release|Any CPU
		{659B3EB3-83BB-4CCB-BBD3-D4D4C654B1EA}.Release|arm64.Build.0 = Release|Any CPU
		{659B3EB3-83BB-4CCB-BBD3-D4D4C654B1EA}.Release|x64.ActiveCfg = Release|Any CPU
		{659B3EB3-83BB-4CCB-BBD3-D4D4C654B1EA}.Release|x64.Build.0 = Release|Any CPU
		{659B3EB3-83BB-4CCB-BBD3-D4D4C654B1EA}.Release|x86.ActiveCfg = Release|Any CPU
		{659B3EB3-83BB-4CCB-BBD3-D4D4C654B1EA}.Release|x86.Build.0 = Release|Any CPU
		{F97D664E-68B3-4727-BB8D-F3AEB728F70A}.Debug|Any CPU.ActiveCfg = Debug|Any CPU
		{F97D664E-68B3-4727-BB8D-F3AEB728F70A}.Debug|Any CPU.Build.0 = Debug|Any CPU
		{F97D664E-68B3-4727-BB8D-F3AEB728F70A}.Debug|arm64.ActiveCfg = Debug|Any CPU
		{F97D664E-68B3-4727-BB8D-F3AEB728F70A}.Debug|arm64.Build.0 = Debug|Any CPU
		{F97D664E-68B3-4727-BB8D-F3AEB728F70A}.Debug|x64.ActiveCfg = Debug|Any CPU
		{F97D664E-68B3-4727-BB8D-F3AEB728F70A}.Debug|x64.Build.0 = Debug|Any CPU
		{F97D664E-68B3-4727-BB8D-F3AEB728F70A}.Debug|x86.ActiveCfg = Debug|Any CPU
		{F97D664E-68B3-4727-BB8D-F3AEB728F70A}.Debug|x86.Build.0 = Debug|Any CPU
		{F97D664E-68B3-4727-BB8D-F3AEB728F70A}.Release|Any CPU.ActiveCfg = Release|Any CPU
		{F97D664E-68B3-4727-BB8D-F3AEB728F70A}.Release|Any CPU.Build.0 = Release|Any CPU
		{F97D664E-68B3-4727-BB8D-F3AEB728F70A}.Release|arm64.ActiveCfg = Release|Any CPU
		{F97D664E-68B3-4727-BB8D-F3AEB728F70A}.Release|arm64.Build.0 = Release|Any CPU
		{F97D664E-68B3-4727-BB8D-F3AEB728F70A}.Release|x64.ActiveCfg = Release|Any CPU
		{F97D664E-68B3-4727-BB8D-F3AEB728F70A}.Release|x64.Build.0 = Release|Any CPU
		{F97D664E-68B3-4727-BB8D-F3AEB728F70A}.Release|x86.ActiveCfg = Release|Any CPU
		{F97D664E-68B3-4727-BB8D-F3AEB728F70A}.Release|x86.Build.0 = Release|Any CPU
		{66C2C8E9-63D1-4812-9F33-4A02F48DE7AC}.Debug|Any CPU.ActiveCfg = Debug|Any CPU
		{66C2C8E9-63D1-4812-9F33-4A02F48DE7AC}.Debug|Any CPU.Build.0 = Debug|Any CPU
		{66C2C8E9-63D1-4812-9F33-4A02F48DE7AC}.Debug|arm64.ActiveCfg = Debug|Any CPU
		{66C2C8E9-63D1-4812-9F33-4A02F48DE7AC}.Debug|arm64.Build.0 = Debug|Any CPU
		{66C2C8E9-63D1-4812-9F33-4A02F48DE7AC}.Debug|x64.ActiveCfg = Debug|Any CPU
		{66C2C8E9-63D1-4812-9F33-4A02F48DE7AC}.Debug|x64.Build.0 = Debug|Any CPU
		{66C2C8E9-63D1-4812-9F33-4A02F48DE7AC}.Debug|x86.ActiveCfg = Debug|Any CPU
		{66C2C8E9-63D1-4812-9F33-4A02F48DE7AC}.Debug|x86.Build.0 = Debug|Any CPU
		{66C2C8E9-63D1-4812-9F33-4A02F48DE7AC}.Release|Any CPU.ActiveCfg = Release|Any CPU
		{66C2C8E9-63D1-4812-9F33-4A02F48DE7AC}.Release|Any CPU.Build.0 = Release|Any CPU
		{66C2C8E9-63D1-4812-9F33-4A02F48DE7AC}.Release|arm64.ActiveCfg = Release|Any CPU
		{66C2C8E9-63D1-4812-9F33-4A02F48DE7AC}.Release|arm64.Build.0 = Release|Any CPU
		{66C2C8E9-63D1-4812-9F33-4A02F48DE7AC}.Release|x64.ActiveCfg = Release|Any CPU
		{66C2C8E9-63D1-4812-9F33-4A02F48DE7AC}.Release|x64.Build.0 = Release|Any CPU
		{66C2C8E9-63D1-4812-9F33-4A02F48DE7AC}.Release|x86.ActiveCfg = Release|Any CPU
		{66C2C8E9-63D1-4812-9F33-4A02F48DE7AC}.Release|x86.Build.0 = Release|Any CPU
		{F813DE94-96A8-4520-9C98-53DB1164DB45}.Debug|Any CPU.ActiveCfg = Debug|Any CPU
		{F813DE94-96A8-4520-9C98-53DB1164DB45}.Debug|Any CPU.Build.0 = Debug|Any CPU
		{F813DE94-96A8-4520-9C98-53DB1164DB45}.Debug|arm64.ActiveCfg = Debug|Any CPU
		{F813DE94-96A8-4520-9C98-53DB1164DB45}.Debug|arm64.Build.0 = Debug|Any CPU
		{F813DE94-96A8-4520-9C98-53DB1164DB45}.Debug|x64.ActiveCfg = Debug|Any CPU
		{F813DE94-96A8-4520-9C98-53DB1164DB45}.Debug|x64.Build.0 = Debug|Any CPU
		{F813DE94-96A8-4520-9C98-53DB1164DB45}.Debug|x86.ActiveCfg = Debug|Any CPU
		{F813DE94-96A8-4520-9C98-53DB1164DB45}.Debug|x86.Build.0 = Debug|Any CPU
		{F813DE94-96A8-4520-9C98-53DB1164DB45}.Release|Any CPU.ActiveCfg = Release|Any CPU
		{F813DE94-96A8-4520-9C98-53DB1164DB45}.Release|Any CPU.Build.0 = Release|Any CPU
		{F813DE94-96A8-4520-9C98-53DB1164DB45}.Release|arm64.ActiveCfg = Release|Any CPU
		{F813DE94-96A8-4520-9C98-53DB1164DB45}.Release|arm64.Build.0 = Release|Any CPU
		{F813DE94-96A8-4520-9C98-53DB1164DB45}.Release|x64.ActiveCfg = Release|Any CPU
		{F813DE94-96A8-4520-9C98-53DB1164DB45}.Release|x64.Build.0 = Release|Any CPU
		{F813DE94-96A8-4520-9C98-53DB1164DB45}.Release|x86.ActiveCfg = Release|Any CPU
		{F813DE94-96A8-4520-9C98-53DB1164DB45}.Release|x86.Build.0 = Release|Any CPU
		{EC2B4C1B-C397-4E8D-AE57-E85FAD8FD167}.Debug|Any CPU.ActiveCfg = Debug|Any CPU
		{EC2B4C1B-C397-4E8D-AE57-E85FAD8FD167}.Debug|Any CPU.Build.0 = Debug|Any CPU
		{EC2B4C1B-C397-4E8D-AE57-E85FAD8FD167}.Debug|arm64.ActiveCfg = Debug|Any CPU
		{EC2B4C1B-C397-4E8D-AE57-E85FAD8FD167}.Debug|arm64.Build.0 = Debug|Any CPU
		{EC2B4C1B-C397-4E8D-AE57-E85FAD8FD167}.Debug|x64.ActiveCfg = Debug|Any CPU
		{EC2B4C1B-C397-4E8D-AE57-E85FAD8FD167}.Debug|x64.Build.0 = Debug|Any CPU
		{EC2B4C1B-C397-4E8D-AE57-E85FAD8FD167}.Debug|x86.ActiveCfg = Debug|Any CPU
		{EC2B4C1B-C397-4E8D-AE57-E85FAD8FD167}.Debug|x86.Build.0 = Debug|Any CPU
		{EC2B4C1B-C397-4E8D-AE57-E85FAD8FD167}.Release|Any CPU.ActiveCfg = Release|Any CPU
		{EC2B4C1B-C397-4E8D-AE57-E85FAD8FD167}.Release|Any CPU.Build.0 = Release|Any CPU
		{EC2B4C1B-C397-4E8D-AE57-E85FAD8FD167}.Release|arm64.ActiveCfg = Release|Any CPU
		{EC2B4C1B-C397-4E8D-AE57-E85FAD8FD167}.Release|arm64.Build.0 = Release|Any CPU
		{EC2B4C1B-C397-4E8D-AE57-E85FAD8FD167}.Release|x64.ActiveCfg = Release|Any CPU
		{EC2B4C1B-C397-4E8D-AE57-E85FAD8FD167}.Release|x64.Build.0 = Release|Any CPU
		{EC2B4C1B-C397-4E8D-AE57-E85FAD8FD167}.Release|x86.ActiveCfg = Release|Any CPU
		{EC2B4C1B-C397-4E8D-AE57-E85FAD8FD167}.Release|x86.Build.0 = Release|Any CPU
		{82CB9387-E848-4575-9519-A9DB37BD37EB}.Debug|Any CPU.ActiveCfg = Debug|Any CPU
		{82CB9387-E848-4575-9519-A9DB37BD37EB}.Debug|Any CPU.Build.0 = Debug|Any CPU
		{82CB9387-E848-4575-9519-A9DB37BD37EB}.Debug|arm64.ActiveCfg = Debug|Any CPU
		{82CB9387-E848-4575-9519-A9DB37BD37EB}.Debug|arm64.Build.0 = Debug|Any CPU
		{82CB9387-E848-4575-9519-A9DB37BD37EB}.Debug|x64.ActiveCfg = Debug|Any CPU
		{82CB9387-E848-4575-9519-A9DB37BD37EB}.Debug|x64.Build.0 = Debug|Any CPU
		{82CB9387-E848-4575-9519-A9DB37BD37EB}.Debug|x86.ActiveCfg = Debug|Any CPU
		{82CB9387-E848-4575-9519-A9DB37BD37EB}.Debug|x86.Build.0 = Debug|Any CPU
		{82CB9387-E848-4575-9519-A9DB37BD37EB}.Release|Any CPU.ActiveCfg = Release|Any CPU
		{82CB9387-E848-4575-9519-A9DB37BD37EB}.Release|Any CPU.Build.0 = Release|Any CPU
		{82CB9387-E848-4575-9519-A9DB37BD37EB}.Release|arm64.ActiveCfg = Release|Any CPU
		{82CB9387-E848-4575-9519-A9DB37BD37EB}.Release|arm64.Build.0 = Release|Any CPU
		{82CB9387-E848-4575-9519-A9DB37BD37EB}.Release|x64.ActiveCfg = Release|Any CPU
		{82CB9387-E848-4575-9519-A9DB37BD37EB}.Release|x64.Build.0 = Release|Any CPU
		{82CB9387-E848-4575-9519-A9DB37BD37EB}.Release|x86.ActiveCfg = Release|Any CPU
		{82CB9387-E848-4575-9519-A9DB37BD37EB}.Release|x86.Build.0 = Release|Any CPU
		{37DB8CFC-8348-4A35-BBCD-E88244FB5158}.Debug|Any CPU.ActiveCfg = Debug|Any CPU
		{37DB8CFC-8348-4A35-BBCD-E88244FB5158}.Debug|Any CPU.Build.0 = Debug|Any CPU
		{37DB8CFC-8348-4A35-BBCD-E88244FB5158}.Debug|arm64.ActiveCfg = Debug|Any CPU
		{37DB8CFC-8348-4A35-BBCD-E88244FB5158}.Debug|arm64.Build.0 = Debug|Any CPU
		{37DB8CFC-8348-4A35-BBCD-E88244FB5158}.Debug|x64.ActiveCfg = Debug|Any CPU
		{37DB8CFC-8348-4A35-BBCD-E88244FB5158}.Debug|x64.Build.0 = Debug|Any CPU
		{37DB8CFC-8348-4A35-BBCD-E88244FB5158}.Debug|x86.ActiveCfg = Debug|Any CPU
		{37DB8CFC-8348-4A35-BBCD-E88244FB5158}.Debug|x86.Build.0 = Debug|Any CPU
		{37DB8CFC-8348-4A35-BBCD-E88244FB5158}.Release|Any CPU.ActiveCfg = Release|Any CPU
		{37DB8CFC-8348-4A35-BBCD-E88244FB5158}.Release|Any CPU.Build.0 = Release|Any CPU
		{37DB8CFC-8348-4A35-BBCD-E88244FB5158}.Release|arm64.ActiveCfg = Release|Any CPU
		{37DB8CFC-8348-4A35-BBCD-E88244FB5158}.Release|arm64.Build.0 = Release|Any CPU
		{37DB8CFC-8348-4A35-BBCD-E88244FB5158}.Release|x64.ActiveCfg = Release|Any CPU
		{37DB8CFC-8348-4A35-BBCD-E88244FB5158}.Release|x64.Build.0 = Release|Any CPU
		{37DB8CFC-8348-4A35-BBCD-E88244FB5158}.Release|x86.ActiveCfg = Release|Any CPU
		{37DB8CFC-8348-4A35-BBCD-E88244FB5158}.Release|x86.Build.0 = Release|Any CPU
		{8FDEBF79-E165-4419-A641-7B798E9CC6F7}.Debug|Any CPU.ActiveCfg = Debug|Any CPU
		{8FDEBF79-E165-4419-A641-7B798E9CC6F7}.Debug|Any CPU.Build.0 = Debug|Any CPU
		{8FDEBF79-E165-4419-A641-7B798E9CC6F7}.Debug|arm64.ActiveCfg = Debug|Any CPU
		{8FDEBF79-E165-4419-A641-7B798E9CC6F7}.Debug|arm64.Build.0 = Debug|Any CPU
		{8FDEBF79-E165-4419-A641-7B798E9CC6F7}.Debug|x64.ActiveCfg = Debug|Any CPU
		{8FDEBF79-E165-4419-A641-7B798E9CC6F7}.Debug|x64.Build.0 = Debug|Any CPU
		{8FDEBF79-E165-4419-A641-7B798E9CC6F7}.Debug|x86.ActiveCfg = Debug|Any CPU
		{8FDEBF79-E165-4419-A641-7B798E9CC6F7}.Debug|x86.Build.0 = Debug|Any CPU
		{8FDEBF79-E165-4419-A641-7B798E9CC6F7}.Release|Any CPU.ActiveCfg = Release|Any CPU
		{8FDEBF79-E165-4419-A641-7B798E9CC6F7}.Release|Any CPU.Build.0 = Release|Any CPU
		{8FDEBF79-E165-4419-A641-7B798E9CC6F7}.Release|arm64.ActiveCfg = Release|Any CPU
		{8FDEBF79-E165-4419-A641-7B798E9CC6F7}.Release|arm64.Build.0 = Release|Any CPU
		{8FDEBF79-E165-4419-A641-7B798E9CC6F7}.Release|x64.ActiveCfg = Release|Any CPU
		{8FDEBF79-E165-4419-A641-7B798E9CC6F7}.Release|x64.Build.0 = Release|Any CPU
		{8FDEBF79-E165-4419-A641-7B798E9CC6F7}.Release|x86.ActiveCfg = Release|Any CPU
		{8FDEBF79-E165-4419-A641-7B798E9CC6F7}.Release|x86.Build.0 = Release|Any CPU
		{1AC646E1-8155-4FCE-AA74-D4B5DD1034B1}.Debug|Any CPU.ActiveCfg = Debug|Any CPU
		{1AC646E1-8155-4FCE-AA74-D4B5DD1034B1}.Debug|Any CPU.Build.0 = Debug|Any CPU
		{1AC646E1-8155-4FCE-AA74-D4B5DD1034B1}.Debug|arm64.ActiveCfg = Debug|Any CPU
		{1AC646E1-8155-4FCE-AA74-D4B5DD1034B1}.Debug|arm64.Build.0 = Debug|Any CPU
		{1AC646E1-8155-4FCE-AA74-D4B5DD1034B1}.Debug|x64.ActiveCfg = Debug|Any CPU
		{1AC646E1-8155-4FCE-AA74-D4B5DD1034B1}.Debug|x64.Build.0 = Debug|Any CPU
		{1AC646E1-8155-4FCE-AA74-D4B5DD1034B1}.Debug|x86.ActiveCfg = Debug|Any CPU
		{1AC646E1-8155-4FCE-AA74-D4B5DD1034B1}.Debug|x86.Build.0 = Debug|Any CPU
		{1AC646E1-8155-4FCE-AA74-D4B5DD1034B1}.Release|Any CPU.ActiveCfg = Release|Any CPU
		{1AC646E1-8155-4FCE-AA74-D4B5DD1034B1}.Release|Any CPU.Build.0 = Release|Any CPU
		{1AC646E1-8155-4FCE-AA74-D4B5DD1034B1}.Release|arm64.ActiveCfg = Release|Any CPU
		{1AC646E1-8155-4FCE-AA74-D4B5DD1034B1}.Release|arm64.Build.0 = Release|Any CPU
		{1AC646E1-8155-4FCE-AA74-D4B5DD1034B1}.Release|x64.ActiveCfg = Release|Any CPU
		{1AC646E1-8155-4FCE-AA74-D4B5DD1034B1}.Release|x64.Build.0 = Release|Any CPU
		{1AC646E1-8155-4FCE-AA74-D4B5DD1034B1}.Release|x86.ActiveCfg = Release|Any CPU
		{1AC646E1-8155-4FCE-AA74-D4B5DD1034B1}.Release|x86.Build.0 = Release|Any CPU
		{C2A81181-5D04-480A-BDFB-2694B44A5522}.Debug|Any CPU.ActiveCfg = Debug|Any CPU
		{C2A81181-5D04-480A-BDFB-2694B44A5522}.Debug|Any CPU.Build.0 = Debug|Any CPU
		{C2A81181-5D04-480A-BDFB-2694B44A5522}.Debug|arm64.ActiveCfg = Debug|Any CPU
		{C2A81181-5D04-480A-BDFB-2694B44A5522}.Debug|arm64.Build.0 = Debug|Any CPU
		{C2A81181-5D04-480A-BDFB-2694B44A5522}.Debug|x64.ActiveCfg = Debug|Any CPU
		{C2A81181-5D04-480A-BDFB-2694B44A5522}.Debug|x64.Build.0 = Debug|Any CPU
		{C2A81181-5D04-480A-BDFB-2694B44A5522}.Debug|x86.ActiveCfg = Debug|Any CPU
		{C2A81181-5D04-480A-BDFB-2694B44A5522}.Debug|x86.Build.0 = Debug|Any CPU
		{C2A81181-5D04-480A-BDFB-2694B44A5522}.Release|Any CPU.ActiveCfg = Release|Any CPU
		{C2A81181-5D04-480A-BDFB-2694B44A5522}.Release|Any CPU.Build.0 = Release|Any CPU
		{C2A81181-5D04-480A-BDFB-2694B44A5522}.Release|arm64.ActiveCfg = Release|Any CPU
		{C2A81181-5D04-480A-BDFB-2694B44A5522}.Release|arm64.Build.0 = Release|Any CPU
		{C2A81181-5D04-480A-BDFB-2694B44A5522}.Release|x64.ActiveCfg = Release|Any CPU
		{C2A81181-5D04-480A-BDFB-2694B44A5522}.Release|x64.Build.0 = Release|Any CPU
		{C2A81181-5D04-480A-BDFB-2694B44A5522}.Release|x86.ActiveCfg = Release|Any CPU
		{C2A81181-5D04-480A-BDFB-2694B44A5522}.Release|x86.Build.0 = Release|Any CPU
		{68A8171F-0D6A-46A6-BF1C-FB5E6FCD66DB}.Debug|Any CPU.ActiveCfg = Debug|Any CPU
		{68A8171F-0D6A-46A6-BF1C-FB5E6FCD66DB}.Debug|Any CPU.Build.0 = Debug|Any CPU
		{68A8171F-0D6A-46A6-BF1C-FB5E6FCD66DB}.Debug|arm64.ActiveCfg = Debug|Any CPU
		{68A8171F-0D6A-46A6-BF1C-FB5E6FCD66DB}.Debug|arm64.Build.0 = Debug|Any CPU
		{68A8171F-0D6A-46A6-BF1C-FB5E6FCD66DB}.Debug|x64.ActiveCfg = Debug|Any CPU
		{68A8171F-0D6A-46A6-BF1C-FB5E6FCD66DB}.Debug|x64.Build.0 = Debug|Any CPU
		{68A8171F-0D6A-46A6-BF1C-FB5E6FCD66DB}.Debug|x86.ActiveCfg = Debug|Any CPU
		{68A8171F-0D6A-46A6-BF1C-FB5E6FCD66DB}.Debug|x86.Build.0 = Debug|Any CPU
		{68A8171F-0D6A-46A6-BF1C-FB5E6FCD66DB}.Release|Any CPU.ActiveCfg = Release|Any CPU
		{68A8171F-0D6A-46A6-BF1C-FB5E6FCD66DB}.Release|Any CPU.Build.0 = Release|Any CPU
		{68A8171F-0D6A-46A6-BF1C-FB5E6FCD66DB}.Release|arm64.ActiveCfg = Release|Any CPU
		{68A8171F-0D6A-46A6-BF1C-FB5E6FCD66DB}.Release|arm64.Build.0 = Release|Any CPU
		{68A8171F-0D6A-46A6-BF1C-FB5E6FCD66DB}.Release|x64.ActiveCfg = Release|Any CPU
		{68A8171F-0D6A-46A6-BF1C-FB5E6FCD66DB}.Release|x64.Build.0 = Release|Any CPU
		{68A8171F-0D6A-46A6-BF1C-FB5E6FCD66DB}.Release|x86.ActiveCfg = Release|Any CPU
		{68A8171F-0D6A-46A6-BF1C-FB5E6FCD66DB}.Release|x86.Build.0 = Release|Any CPU
		{ED19BF61-87D8-4718-98FD-269109DDDF10}.Debug|Any CPU.ActiveCfg = Debug|Any CPU
		{ED19BF61-87D8-4718-98FD-269109DDDF10}.Debug|Any CPU.Build.0 = Debug|Any CPU
		{ED19BF61-87D8-4718-98FD-269109DDDF10}.Debug|arm64.ActiveCfg = Debug|Any CPU
		{ED19BF61-87D8-4718-98FD-269109DDDF10}.Debug|arm64.Build.0 = Debug|Any CPU
		{ED19BF61-87D8-4718-98FD-269109DDDF10}.Debug|x64.ActiveCfg = Debug|Any CPU
		{ED19BF61-87D8-4718-98FD-269109DDDF10}.Debug|x64.Build.0 = Debug|Any CPU
		{ED19BF61-87D8-4718-98FD-269109DDDF10}.Debug|x86.ActiveCfg = Debug|Any CPU
		{ED19BF61-87D8-4718-98FD-269109DDDF10}.Debug|x86.Build.0 = Debug|Any CPU
		{ED19BF61-87D8-4718-98FD-269109DDDF10}.Release|Any CPU.ActiveCfg = Release|Any CPU
		{ED19BF61-87D8-4718-98FD-269109DDDF10}.Release|Any CPU.Build.0 = Release|Any CPU
		{ED19BF61-87D8-4718-98FD-269109DDDF10}.Release|arm64.ActiveCfg = Release|Any CPU
		{ED19BF61-87D8-4718-98FD-269109DDDF10}.Release|arm64.Build.0 = Release|Any CPU
		{ED19BF61-87D8-4718-98FD-269109DDDF10}.Release|x64.ActiveCfg = Release|Any CPU
		{ED19BF61-87D8-4718-98FD-269109DDDF10}.Release|x64.Build.0 = Release|Any CPU
		{ED19BF61-87D8-4718-98FD-269109DDDF10}.Release|x86.ActiveCfg = Release|Any CPU
		{ED19BF61-87D8-4718-98FD-269109DDDF10}.Release|x86.Build.0 = Release|Any CPU
		{E8E33A5B-613F-428B-9DE8-850FCD97FFBF}.Debug|Any CPU.ActiveCfg = Debug|Any CPU
		{E8E33A5B-613F-428B-9DE8-850FCD97FFBF}.Debug|Any CPU.Build.0 = Debug|Any CPU
		{E8E33A5B-613F-428B-9DE8-850FCD97FFBF}.Debug|arm64.ActiveCfg = Debug|Any CPU
		{E8E33A5B-613F-428B-9DE8-850FCD97FFBF}.Debug|arm64.Build.0 = Debug|Any CPU
		{E8E33A5B-613F-428B-9DE8-850FCD97FFBF}.Debug|x64.ActiveCfg = Debug|Any CPU
		{E8E33A5B-613F-428B-9DE8-850FCD97FFBF}.Debug|x64.Build.0 = Debug|Any CPU
		{E8E33A5B-613F-428B-9DE8-850FCD97FFBF}.Debug|x86.ActiveCfg = Debug|Any CPU
		{E8E33A5B-613F-428B-9DE8-850FCD97FFBF}.Debug|x86.Build.0 = Debug|Any CPU
		{E8E33A5B-613F-428B-9DE8-850FCD97FFBF}.Release|Any CPU.ActiveCfg = Release|Any CPU
		{E8E33A5B-613F-428B-9DE8-850FCD97FFBF}.Release|Any CPU.Build.0 = Release|Any CPU
		{E8E33A5B-613F-428B-9DE8-850FCD97FFBF}.Release|arm64.ActiveCfg = Release|Any CPU
		{E8E33A5B-613F-428B-9DE8-850FCD97FFBF}.Release|arm64.Build.0 = Release|Any CPU
		{E8E33A5B-613F-428B-9DE8-850FCD97FFBF}.Release|x64.ActiveCfg = Release|Any CPU
		{E8E33A5B-613F-428B-9DE8-850FCD97FFBF}.Release|x64.Build.0 = Release|Any CPU
		{E8E33A5B-613F-428B-9DE8-850FCD97FFBF}.Release|x86.ActiveCfg = Release|Any CPU
		{E8E33A5B-613F-428B-9DE8-850FCD97FFBF}.Release|x86.Build.0 = Release|Any CPU
		{BF9A9A96-A710-4995-996D-215A005A694F}.Debug|Any CPU.ActiveCfg = Debug|Any CPU
		{BF9A9A96-A710-4995-996D-215A005A694F}.Debug|Any CPU.Build.0 = Debug|Any CPU
		{BF9A9A96-A710-4995-996D-215A005A694F}.Debug|arm64.ActiveCfg = Debug|Any CPU
		{BF9A9A96-A710-4995-996D-215A005A694F}.Debug|arm64.Build.0 = Debug|Any CPU
		{BF9A9A96-A710-4995-996D-215A005A694F}.Debug|x64.ActiveCfg = Debug|Any CPU
		{BF9A9A96-A710-4995-996D-215A005A694F}.Debug|x64.Build.0 = Debug|Any CPU
		{BF9A9A96-A710-4995-996D-215A005A694F}.Debug|x86.ActiveCfg = Debug|Any CPU
		{BF9A9A96-A710-4995-996D-215A005A694F}.Debug|x86.Build.0 = Debug|Any CPU
		{BF9A9A96-A710-4995-996D-215A005A694F}.Release|Any CPU.ActiveCfg = Release|Any CPU
		{BF9A9A96-A710-4995-996D-215A005A694F}.Release|Any CPU.Build.0 = Release|Any CPU
		{BF9A9A96-A710-4995-996D-215A005A694F}.Release|arm64.ActiveCfg = Release|Any CPU
		{BF9A9A96-A710-4995-996D-215A005A694F}.Release|arm64.Build.0 = Release|Any CPU
		{BF9A9A96-A710-4995-996D-215A005A694F}.Release|x64.ActiveCfg = Release|Any CPU
		{BF9A9A96-A710-4995-996D-215A005A694F}.Release|x64.Build.0 = Release|Any CPU
		{BF9A9A96-A710-4995-996D-215A005A694F}.Release|x86.ActiveCfg = Release|Any CPU
		{BF9A9A96-A710-4995-996D-215A005A694F}.Release|x86.Build.0 = Release|Any CPU
		{81C4DF00-81F9-4695-BD66-E49400444D13}.Debug|Any CPU.ActiveCfg = Debug|Any CPU
		{81C4DF00-81F9-4695-BD66-E49400444D13}.Debug|Any CPU.Build.0 = Debug|Any CPU
		{81C4DF00-81F9-4695-BD66-E49400444D13}.Debug|arm64.ActiveCfg = Debug|Any CPU
		{81C4DF00-81F9-4695-BD66-E49400444D13}.Debug|arm64.Build.0 = Debug|Any CPU
		{81C4DF00-81F9-4695-BD66-E49400444D13}.Debug|x64.ActiveCfg = Debug|Any CPU
		{81C4DF00-81F9-4695-BD66-E49400444D13}.Debug|x64.Build.0 = Debug|Any CPU
		{81C4DF00-81F9-4695-BD66-E49400444D13}.Debug|x86.ActiveCfg = Debug|Any CPU
		{81C4DF00-81F9-4695-BD66-E49400444D13}.Debug|x86.Build.0 = Debug|Any CPU
		{81C4DF00-81F9-4695-BD66-E49400444D13}.Release|Any CPU.ActiveCfg = Release|Any CPU
		{81C4DF00-81F9-4695-BD66-E49400444D13}.Release|Any CPU.Build.0 = Release|Any CPU
		{81C4DF00-81F9-4695-BD66-E49400444D13}.Release|arm64.ActiveCfg = Release|Any CPU
		{81C4DF00-81F9-4695-BD66-E49400444D13}.Release|arm64.Build.0 = Release|Any CPU
		{81C4DF00-81F9-4695-BD66-E49400444D13}.Release|x64.ActiveCfg = Release|Any CPU
		{81C4DF00-81F9-4695-BD66-E49400444D13}.Release|x64.Build.0 = Release|Any CPU
		{81C4DF00-81F9-4695-BD66-E49400444D13}.Release|x86.ActiveCfg = Release|Any CPU
		{81C4DF00-81F9-4695-BD66-E49400444D13}.Release|x86.Build.0 = Release|Any CPU
		{0CC83084-2048-488A-B2A7-BC6692031578}.Debug|Any CPU.ActiveCfg = Debug|Any CPU
		{0CC83084-2048-488A-B2A7-BC6692031578}.Debug|Any CPU.Build.0 = Debug|Any CPU
		{0CC83084-2048-488A-B2A7-BC6692031578}.Debug|arm64.ActiveCfg = Debug|Any CPU
		{0CC83084-2048-488A-B2A7-BC6692031578}.Debug|arm64.Build.0 = Debug|Any CPU
		{0CC83084-2048-488A-B2A7-BC6692031578}.Debug|x64.ActiveCfg = Debug|Any CPU
		{0CC83084-2048-488A-B2A7-BC6692031578}.Debug|x64.Build.0 = Debug|Any CPU
		{0CC83084-2048-488A-B2A7-BC6692031578}.Debug|x86.ActiveCfg = Debug|Any CPU
		{0CC83084-2048-488A-B2A7-BC6692031578}.Debug|x86.Build.0 = Debug|Any CPU
		{0CC83084-2048-488A-B2A7-BC6692031578}.Release|Any CPU.ActiveCfg = Release|Any CPU
		{0CC83084-2048-488A-B2A7-BC6692031578}.Release|Any CPU.Build.0 = Release|Any CPU
		{0CC83084-2048-488A-B2A7-BC6692031578}.Release|arm64.ActiveCfg = Release|Any CPU
		{0CC83084-2048-488A-B2A7-BC6692031578}.Release|arm64.Build.0 = Release|Any CPU
		{0CC83084-2048-488A-B2A7-BC6692031578}.Release|x64.ActiveCfg = Release|Any CPU
		{0CC83084-2048-488A-B2A7-BC6692031578}.Release|x64.Build.0 = Release|Any CPU
		{0CC83084-2048-488A-B2A7-BC6692031578}.Release|x86.ActiveCfg = Release|Any CPU
		{0CC83084-2048-488A-B2A7-BC6692031578}.Release|x86.Build.0 = Release|Any CPU
	EndGlobalSection
	GlobalSection(SolutionProperties) = preSolution
		HideSolutionNode = FALSE
	EndGlobalSection
	GlobalSection(NestedProjects) = preSolution
		{59BAD7A8-F0B4-4451-AF88-60448D2C9860} = {3D2C63DC-7C5C-4824-97AA-41046E47413D}
		{D27DCCA3-CC45-4B97-A738-A06CA4A74A89} = {3D2C63DC-7C5C-4824-97AA-41046E47413D}
		{2EA3DD6E-707E-465A-AA36-D12FC04D6959} = {3D2C63DC-7C5C-4824-97AA-41046E47413D}
		{8E3187B2-6555-4A9B-AB29-AE1C725B468A} = {D27DCCA3-CC45-4B97-A738-A06CA4A74A89}
		{23DEB625-4F8A-4D3E-B55B-92A517F81118} = {D27DCCA3-CC45-4B97-A738-A06CA4A74A89}
		{BE75C56F-F7A4-4101-953F-0FD31DA03852} = {204C7FF8-DFDF-4365-9EDC-E69FDFCD69A2}
		{6C4622D5-09F2-4C80-B4D7-E39812812CCC} = {3D2C63DC-7C5C-4824-97AA-41046E47413D}
		{3D0B7509-4CFE-40A5-A494-216DF101FAAC} = {23DEB625-4F8A-4D3E-B55B-92A517F81118}
		{659B3EB3-83BB-4CCB-BBD3-D4D4C654B1EA} = {23DEB625-4F8A-4D3E-B55B-92A517F81118}
		{F97D664E-68B3-4727-BB8D-F3AEB728F70A} = {D27DCCA3-CC45-4B97-A738-A06CA4A74A89}
		{66C2C8E9-63D1-4812-9F33-4A02F48DE7AC} = {D27DCCA3-CC45-4B97-A738-A06CA4A74A89}
		{F813DE94-96A8-4520-9C98-53DB1164DB45} = {8E3187B2-6555-4A9B-AB29-AE1C725B468A}
		{EC2B4C1B-C397-4E8D-AE57-E85FAD8FD167} = {8E3187B2-6555-4A9B-AB29-AE1C725B468A}
		{82CB9387-E848-4575-9519-A9DB37BD37EB} = {8E3187B2-6555-4A9B-AB29-AE1C725B468A}
		{37DB8CFC-8348-4A35-BBCD-E88244FB5158} = {8E3187B2-6555-4A9B-AB29-AE1C725B468A}
		{8FDEBF79-E165-4419-A641-7B798E9CC6F7} = {8E3187B2-6555-4A9B-AB29-AE1C725B468A}
		{1AC646E1-8155-4FCE-AA74-D4B5DD1034B1} = {2EA3DD6E-707E-465A-AA36-D12FC04D6959}
		{C2A81181-5D04-480A-BDFB-2694B44A5522} = {2EA3DD6E-707E-465A-AA36-D12FC04D6959}
		{68A8171F-0D6A-46A6-BF1C-FB5E6FCD66DB} = {59BAD7A8-F0B4-4451-AF88-60448D2C9860}
		{ED19BF61-87D8-4718-98FD-269109DDDF10} = {59BAD7A8-F0B4-4451-AF88-60448D2C9860}
		{E8E33A5B-613F-428B-9DE8-850FCD97FFBF} = {59BAD7A8-F0B4-4451-AF88-60448D2C9860}
		{BF9A9A96-A710-4995-996D-215A005A694F} = {1B30C110-2B25-4782-BEED-05354B0180AF}
		{81C4DF00-81F9-4695-BD66-E49400444D13} = {204C7FF8-DFDF-4365-9EDC-E69FDFCD69A2}
		{0CC83084-2048-488A-B2A7-BC6692031578} = {2EA3DD6E-707E-465A-AA36-D12FC04D6959}
	EndGlobalSection
	GlobalSection(ExtensibilityGlobals) = postSolution
		SolutionGuid = {0D3D7D4B-A7C1-40B6-90BC-717C5932EB4D}
	EndGlobalSection
EndGlobal
